
Microsoft Visual Studio Solution File, Format Version 12.00
# 
Project("{FAE04EC0-301F-11D3-BF4B-00C04F79EFBC}") = "TRPG", "TRPG\TRPG.csproj", "{7876904B-E75B-4C92-83F1-AC354D23D98A}"
EndProject
Project("{FAE04EC0-301F-11D3-BF4B-00C04F79EFBC}") = "TRPG.Tests", "TRPG.Tests\TRPG.Tests.csproj", "{B6776DBD-495D-461E-8048-07DE4CBFB878}"
EndProject
Global
	GlobalSection(SolutionConfigurationPlatforms) = preSolution
		Debug|Any CPU = Debug|Any CPU
		Release|Any CPU = Release|Any CPU
	EndGlobalSection
	GlobalSection(ProjectConfigurationPlatforms) = postSolution
		{7876904B-E75B-4C92-83F1-AC354D23D98A}.Debug|Any CPU.ActiveCfg = Debug|Any CPU
		{7876904B-E75B-4C92-83F1-AC354D23D98A}.Debug|Any CPU.Build.0 = Debug|Any CPU
		{7876904B-E75B-4C92-83F1-AC354D23D98A}.Release|Any CPU.ActiveCfg = Release|Any CPU
		{7876904B-E75B-4C92-83F1-AC354D23D98A}.Release|Any CPU.Build.0 = Release|Any CPU
		{B6776DBD-495D-461E-8048-07DE4CBFB878}.Debug|Any CPU.ActiveCfg = Debug|Any CPU
		{B6776DBD-495D-461E-8048-07DE4CBFB878}.Debug|Any CPU.Build.0 = Debug|Any CPU
		{B6776DBD-495D-461E-8048-07DE4CBFB878}.Release|Any CPU.ActiveCfg = Release|Any CPU
		{B6776DBD-495D-461E-8048-07DE4CBFB878}.Release|Any CPU.Build.0 = Release|Any CPU
	EndGlobalSection
EndGlobal
