
Microsoft Visual Studio Solution File, Format Version 12.00
Project("{FAE04EC0-301F-11D3-BF4B-00C04F79EFBC}") = "TRPG", "TRPG\TRPG.csproj", "{7876904B-E75B-4C92-83F1-AC354D23D98A}"
EndProject
Project("{FAE04EC0-301F-11D3-BF4B-00C04F79EFBC}") = "TRPG.Tests", "TRPG.Tests\TRPG.Tests.csproj", "{B6776DBD-495D-461E-8048-07DE4CBFB878}"
EndProject
Project("{FAE04EC0-301F-11D3-BF4B-00C04F79EFBC}") = "TRPG.Contracts", "TRPG.Contracts\TRPG.Contracts.csproj", "{7EF6C977-ECC6-428C-8267-F9E9961F33EA}"
EndProject
Project("{FAE04EC0-301F-11D3-BF4B-00C04F79EFBC}") = "TRPG.Data", "TRPG.Data\TRPG.Data.csproj", "{E54047ED-2668-4B3F-A287-7D3D5667AD50}"
EndProject
Project("{FAE04EC0-301F-11D3-BF4B-00C04F79EFBC}") = "TRPG.Balance", "TRPG.Balance\TRPG.Balance.csproj", "{43EBDE5E-5BD4-42DF-96CC-4AB1DFA0C353}"
EndProject
Project("{FAE04EC0-301F-11D3-BF4B-00C04F79EFBC}") = "TRPG.Application.Abilities", "TRPG.Application.Abilities\TRPG.Application.Abilities.csproj", "{46551C49-5B2A-437A-87EC-41DCA71AF8B7}"
EndProject
Project("{FAE04EC0-301F-11D3-BF4B-00C04F79EFBC}") = "TRPG.Application.Buildings", "TRPG.Application.Buildings\TRPG.Application.Buildings.csproj", "{AB51DC74-263E-48F9-A64E-48A22DE7EC93}"
EndProject
Project("{FAE04EC0-301F-11D3-BF4B-00C04F79EFBC}") = "TRPG.Application.Configuration", "TRPG.Application.Configuration\TRPG.Application.Configuration.csproj", "{564FD23B-B4A3-479B-BB1D-87092B06E1F9}"
EndProject
Project("{FAE04EC0-301F-11D3-BF4B-00C04F79EFBC}") = "TRPG.Application.CreatureFormulas", "TRPG.Application.CreatureFormulas\TRPG.Application.CreatureFormulas.csproj", "{0AFB6BFD-1FF6-4F39-BCB8-B8ACC9E724C4}"
EndProject
Project("{FAE04EC0-301F-11D3-BF4B-00C04F79EFBC}") = "TRPG.Application.Worlds", "TRPG.Application.Worlds\TRPG.Application.Worlds.csproj", "{ED125445-338A-4519-B876-50C3DA1BA666}"
EndProject
Project("{FAE04EC0-301F-11D3-BF4B-00C04F79EFBC}") = "TRPG.Application.CreatureJobs", "TRPG.Application.CreatureJobs\TRPG.Application.CreatureJobs.csproj", "{EFE3B157-5A4E-4ADD-9A35-75C333011A85}"
EndProject
Project("{FAE04EC0-301F-11D3-BF4B-00C04F79EFBC}") = "TRPG.Application.GameSessions", "TRPG.Application.GameSessions\TRPG.Application.GameSessions.csproj", "{CC61A29F-0055-4C65-8F92-09EEFA939613}"
EndProject
Project("{FAE04EC0-301F-11D3-BF4B-00C04F79EFBC}") = "TRPG.Application.Common", "TRPG.Application.Common\TRPG.Application.Common.csproj", "{C8638AAA-B8E7-40C8-8514-D68DD64F7D18}"
EndProject
Project("{FAE04EC0-301F-11D3-BF4B-00C04F79EFBC}") = "TRPG.Application.Narration", "TRPG.Application.Narration\TRPG.Application.Narration.csproj", "{6DF6F4B7-1282-4CCC-8A66-49F2476991ED}"
EndProject
Project("{FAE04EC0-301F-11D3-BF4B-00C04F79EFBC}") = "TRPG.Application.Chat", "TRPG.Application.Chat\TRPG.Application.Chat.csproj", "{A921CB61-12F7-416B-8B61-CF7344FAC11C}"
EndProject
Project("{FAE04EC0-301F-11D3-BF4B-00C04F79EFBC}") = "TRPG.Application.Reputations", "TRPG.Application.Reputations\TRPG.Application.Reputations.csproj", "{A6B3D381-34CF-4F03-A1AE-9FAB76811987}"
EndProject
Project("{FAE04EC0-301F-11D3-BF4B-00C04F79EFBC}") = "TRPG.Application.WeaponProficiency", "TRPG.Application.WeaponProficiency\TRPG.Application.WeaponProficiency.csproj", "{C3174C0F-C2DC-47C0-A385-A3145C6C8949}"
EndProject
Project("{FAE04EC0-301F-11D3-BF4B-00C04F79EFBC}") = "TRPG.Application.Inventory", "TRPG.Application.Inventory\TRPG.Application.Inventory.csproj", "{6D5DA121-BEF4-4EF2-BE85-41BBD7D0B1F4}"
EndProject
Project("{FAE04EC0-301F-11D3-BF4B-00C04F79EFBC}") = "TRPG.Application.Quests", "TRPG.Application.Quests\TRPG.Application.Quests.csproj", "{81DC8A40-F478-4AE5-B5B8-32A8642F77ED}"
EndProject
Project("{FAE04EC0-301F-11D3-BF4B-00C04F79EFBC}") = "TRPG.Application.Trading", "TRPG.Application.Trading\TRPG.Application.Trading.csproj", "{3FC34646-AD0E-41E6-8768-072925B64967}"
EndProject
Project("{FAE04EC0-301F-11D3-BF4B-00C04F79EFBC}") = "TRPG.Application.Creatures", "TRPG.Application.Creatures\TRPG.Application.Creatures.csproj", "{A17651A5-5F80-46F4-93BD-61CAA40B22B9}"
EndProject
Project("{FAE04EC0-301F-11D3-BF4B-00C04F79EFBC}") = "TRPG.Application.Scenes", "TRPG.Application.Scenes\TRPG.Application.Scenes.csproj", "{94395AB8-3B5C-4F0D-A8AA-73640638BF7A}"
EndProject
Project("{FAE04EC0-301F-11D3-BF4B-00C04F79EFBC}") = "TRPG.Application.NpcConversations", "TRPG.Application.NpcConversations\TRPG.Application.NpcConversations.csproj", "{B629A341-0021-44F3-9200-DE5A1E49C337}"
EndProject
Project("{FAE04EC0-301F-11D3-BF4B-00C04F79EFBC}") = "TRPG.Application.Combat", "TRPG.Application.Combat\TRPG.Application.Combat.csproj", "{97464E72-F0F7-4A36-93C4-8B50E7189C52}"
EndProject
Project("{FAE04EC0-301F-11D3-BF4B-00C04F79EFBC}") = "TRPG.Application.Encounters", "TRPG.Application.Encounters\TRPG.Application.Encounters.csproj", "{1B0EE9E3-ABFF-4110-879B-20FE5B197354}"
EndProject
Project("{FAE04EC0-301F-11D3-BF4B-00C04F79EFBC}") = "TRPG.Application.GameTurns", "TRPG.Application.GameTurns\TRPG.Application.GameTurns.csproj", "{C0E03115-FAA2-478A-8F6F-35BC54468380}"
EndProject
Project("{FAE04EC0-301F-11D3-BF4B-00C04F79EFBC}") = "TRPG.Domain", "TRPG.Domain\TRPG.Domain.csproj", "{09FF98A1-A639-4E9F-A22E-448504D792FB}"
EndProject
Global
	GlobalSection(SolutionConfigurationPlatforms) = preSolution
		Debug|Any CPU = Debug|Any CPU
		Debug|x64 = Debug|x64
		Debug|x86 = Debug|x86
		Release|Any CPU = Release|Any CPU
		Release|x64 = Release|x64
		Release|x86 = Release|x86
	EndGlobalSection
	GlobalSection(ProjectConfigurationPlatforms) = postSolution
		{7876904B-E75B-4C92-83F1-AC354D23D98A}.Debug|Any CPU.ActiveCfg = Debug|Any CPU
		{7876904B-E75B-4C92-83F1-AC354D23D98A}.Debug|Any CPU.Build.0 = Debug|Any CPU
		{7876904B-E75B-4C92-83F1-AC354D23D98A}.Debug|x64.ActiveCfg = Debug|Any CPU
		{7876904B-E75B-4C92-83F1-AC354D23D98A}.Debug|x64.Build.0 = Debug|Any CPU
		{7876904B-E75B-4C92-83F1-AC354D23D98A}.Debug|x86.ActiveCfg = Debug|Any CPU
		{7876904B-E75B-4C92-83F1-AC354D23D98A}.Debug|x86.Build.0 = Debug|Any CPU
		{7876904B-E75B-4C92-83F1-AC354D23D98A}.Release|Any CPU.ActiveCfg = Release|Any CPU
		{7876904B-E75B-4C92-83F1-AC354D23D98A}.Release|Any CPU.Build.0 = Release|Any CPU
		{7876904B-E75B-4C92-83F1-AC354D23D98A}.Release|x64.ActiveCfg = Release|Any CPU
		{7876904B-E75B-4C92-83F1-AC354D23D98A}.Release|x64.Build.0 = Release|Any CPU
		{7876904B-E75B-4C92-83F1-AC354D23D98A}.Release|x86.ActiveCfg = Release|Any CPU
		{7876904B-E75B-4C92-83F1-AC354D23D98A}.Release|x86.Build.0 = Release|Any CPU
		{B6776DBD-495D-461E-8048-07DE4CBFB878}.Debug|Any CPU.ActiveCfg = Debug|Any CPU
		{B6776DBD-495D-461E-8048-07DE4CBFB878}.Debug|Any CPU.Build.0 = Debug|Any CPU
		{B6776DBD-495D-461E-8048-07DE4CBFB878}.Debug|x64.ActiveCfg = Debug|Any CPU
		{B6776DBD-495D-461E-8048-07DE4CBFB878}.Debug|x64.Build.0 = Debug|Any CPU
		{B6776DBD-495D-461E-8048-07DE4CBFB878}.Debug|x86.ActiveCfg = Debug|Any CPU
		{B6776DBD-495D-461E-8048-07DE4CBFB878}.Debug|x86.Build.0 = Debug|Any CPU
		{B6776DBD-495D-461E-8048-07DE4CBFB878}.Release|Any CPU.ActiveCfg = Release|Any CPU
		{B6776DBD-495D-461E-8048-07DE4CBFB878}.Release|Any CPU.Build.0 = Release|Any CPU
		{B6776DBD-495D-461E-8048-07DE4CBFB878}.Release|x64.ActiveCfg = Release|Any CPU
		{B6776DBD-495D-461E-8048-07DE4CBFB878}.Release|x64.Build.0 = Release|Any CPU
		{B6776DBD-495D-461E-8048-07DE4CBFB878}.Release|x86.ActiveCfg = Release|Any CPU
		{B6776DBD-495D-461E-8048-07DE4CBFB878}.Release|x86.Build.0 = Release|Any CPU
		{7EF6C977-ECC6-428C-8267-F9E9961F33EA}.Debug|Any CPU.ActiveCfg = Debug|Any CPU
		{7EF6C977-ECC6-428C-8267-F9E9961F33EA}.Debug|Any CPU.Build.0 = Debug|Any CPU
		{7EF6C977-ECC6-428C-8267-F9E9961F33EA}.Debug|x64.ActiveCfg = Debug|Any CPU
		{7EF6C977-ECC6-428C-8267-F9E9961F33EA}.Debug|x64.Build.0 = Debug|Any CPU
		{7EF6C977-ECC6-428C-8267-F9E9961F33EA}.Debug|x86.ActiveCfg = Debug|Any CPU
		{7EF6C977-ECC6-428C-8267-F9E9961F33EA}.Debug|x86.Build.0 = Debug|Any CPU
		{7EF6C977-ECC6-428C-8267-F9E9961F33EA}.Release|Any CPU.ActiveCfg = Release|Any CPU
		{7EF6C977-ECC6-428C-8267-F9E9961F33EA}.Release|Any CPU.Build.0 = Release|Any CPU
		{7EF6C977-ECC6-428C-8267-F9E9961F33EA}.Release|x64.ActiveCfg = Release|Any CPU
		{7EF6C977-ECC6-428C-8267-F9E9961F33EA}.Release|x64.Build.0 = Release|Any CPU
		{7EF6C977-ECC6-428C-8267-F9E9961F33EA}.Release|x86.ActiveCfg = Release|Any CPU
		{7EF6C977-ECC6-428C-8267-F9E9961F33EA}.Release|x86.Build.0 = Release|Any CPU
		{E54047ED-2668-4B3F-A287-7D3D5667AD50}.Debug|Any CPU.ActiveCfg = Debug|Any CPU
		{E54047ED-2668-4B3F-A287-7D3D5667AD50}.Debug|Any CPU.Build.0 = Debug|Any CPU
		{E54047ED-2668-4B3F-A287-7D3D5667AD50}.Debug|x64.ActiveCfg = Debug|Any CPU
		{E54047ED-2668-4B3F-A287-7D3D5667AD50}.Debug|x64.Build.0 = Debug|Any CPU
		{E54047ED-2668-4B3F-A287-7D3D5667AD50}.Debug|x86.ActiveCfg = Debug|Any CPU
		{E54047ED-2668-4B3F-A287-7D3D5667AD50}.Debug|x86.Build.0 = Debug|Any CPU
		{E54047ED-2668-4B3F-A287-7D3D5667AD50}.Release|Any CPU.ActiveCfg = Release|Any CPU
		{E54047ED-2668-4B3F-A287-7D3D5667AD50}.Release|Any CPU.Build.0 = Release|Any CPU
		{E54047ED-2668-4B3F-A287-7D3D5667AD50}.Release|x64.ActiveCfg = Release|Any CPU
		{E54047ED-2668-4B3F-A287-7D3D5667AD50}.Release|x64.Build.0 = Release|Any CPU
		{E54047ED-2668-4B3F-A287-7D3D5667AD50}.Release|x86.ActiveCfg = Release|Any CPU
		{E54047ED-2668-4B3F-A287-7D3D5667AD50}.Release|x86.Build.0 = Release|Any CPU
		{43EBDE5E-5BD4-42DF-96CC-4AB1DFA0C353}.Debug|Any CPU.ActiveCfg = Debug|Any CPU
		{43EBDE5E-5BD4-42DF-96CC-4AB1DFA0C353}.Debug|Any CPU.Build.0 = Debug|Any CPU
		{43EBDE5E-5BD4-42DF-96CC-4AB1DFA0C353}.Debug|x64.ActiveCfg = Debug|Any CPU
		{43EBDE5E-5BD4-42DF-96CC-4AB1DFA0C353}.Debug|x64.Build.0 = Debug|Any CPU
		{43EBDE5E-5BD4-42DF-96CC-4AB1DFA0C353}.Debug|x86.ActiveCfg = Debug|Any CPU
		{43EBDE5E-5BD4-42DF-96CC-4AB1DFA0C353}.Debug|x86.Build.0 = Debug|Any CPU
		{43EBDE5E-5BD4-42DF-96CC-4AB1DFA0C353}.Release|Any CPU.ActiveCfg = Release|Any CPU
		{43EBDE5E-5BD4-42DF-96CC-4AB1DFA0C353}.Release|Any CPU.Build.0 = Release|Any CPU
		{43EBDE5E-5BD4-42DF-96CC-4AB1DFA0C353}.Release|x64.ActiveCfg = Release|Any CPU
		{43EBDE5E-5BD4-42DF-96CC-4AB1DFA0C353}.Release|x64.Build.0 = Release|Any CPU
		{43EBDE5E-5BD4-42DF-96CC-4AB1DFA0C353}.Release|x86.ActiveCfg = Release|Any CPU
		{43EBDE5E-5BD4-42DF-96CC-4AB1DFA0C353}.Release|x86.Build.0 = Release|Any CPU
		{46551C49-5B2A-437A-87EC-41DCA71AF8B7}.Debug|Any CPU.ActiveCfg = Debug|Any CPU
		{46551C49-5B2A-437A-87EC-41DCA71AF8B7}.Debug|Any CPU.Build.0 = Debug|Any CPU
		{46551C49-5B2A-437A-87EC-41DCA71AF8B7}.Debug|x64.ActiveCfg = Debug|Any CPU
		{46551C49-5B2A-437A-87EC-41DCA71AF8B7}.Debug|x64.Build.0 = Debug|Any CPU
		{46551C49-5B2A-437A-87EC-41DCA71AF8B7}.Debug|x86.ActiveCfg = Debug|Any CPU
		{46551C49-5B2A-437A-87EC-41DCA71AF8B7}.Debug|x86.Build.0 = Debug|Any CPU
		{46551C49-5B2A-437A-87EC-41DCA71AF8B7}.Release|Any CPU.ActiveCfg = Release|Any CPU
		{46551C49-5B2A-437A-87EC-41DCA71AF8B7}.Release|Any CPU.Build.0 = Release|Any CPU
		{46551C49-5B2A-437A-87EC-41DCA71AF8B7}.Release|x64.ActiveCfg = Release|Any CPU
		{46551C49-5B2A-437A-87EC-41DCA71AF8B7}.Release|x64.Build.0 = Release|Any CPU
		{46551C49-5B2A-437A-87EC-41DCA71AF8B7}.Release|x86.ActiveCfg = Release|Any CPU
		{46551C49-5B2A-437A-87EC-41DCA71AF8B7}.Release|x86.Build.0 = Release|Any CPU
		{AB51DC74-263E-48F9-A64E-48A22DE7EC93}.Debug|Any CPU.ActiveCfg = Debug|Any CPU
		{AB51DC74-263E-48F9-A64E-48A22DE7EC93}.Debug|Any CPU.Build.0 = Debug|Any CPU
		{AB51DC74-263E-48F9-A64E-48A22DE7EC93}.Debug|x64.ActiveCfg = Debug|Any CPU
		{AB51DC74-263E-48F9-A64E-48A22DE7EC93}.Debug|x64.Build.0 = Debug|Any CPU
		{AB51DC74-263E-48F9-A64E-48A22DE7EC93}.Debug|x86.ActiveCfg = Debug|Any CPU
		{AB51DC74-263E-48F9-A64E-48A22DE7EC93}.Debug|x86.Build.0 = Debug|Any CPU
		{AB51DC74-263E-48F9-A64E-48A22DE7EC93}.Release|Any CPU.ActiveCfg = Release|Any CPU
		{AB51DC74-263E-48F9-A64E-48A22DE7EC93}.Release|Any CPU.Build.0 = Release|Any CPU
		{AB51DC74-263E-48F9-A64E-48A22DE7EC93}.Release|x64.ActiveCfg = Release|Any CPU
		{AB51DC74-263E-48F9-A64E-48A22DE7EC93}.Release|x64.Build.0 = Release|Any CPU
		{AB51DC74-263E-48F9-A64E-48A22DE7EC93}.Release|x86.ActiveCfg = Release|Any CPU
		{AB51DC74-263E-48F9-A64E-48A22DE7EC93}.Release|x86.Build.0 = Release|Any CPU
		{564FD23B-B4A3-479B-BB1D-87092B06E1F9}.Debug|Any CPU.ActiveCfg = Debug|Any CPU
		{564FD23B-B4A3-479B-BB1D-87092B06E1F9}.Debug|Any CPU.Build.0 = Debug|Any CPU
		{564FD23B-B4A3-479B-BB1D-87092B06E1F9}.Debug|x64.ActiveCfg = Debug|Any CPU
		{564FD23B-B4A3-479B-BB1D-87092B06E1F9}.Debug|x64.Build.0 = Debug|Any CPU
		{564FD23B-B4A3-479B-BB1D-87092B06E1F9}.Debug|x86.ActiveCfg = Debug|Any CPU
		{564FD23B-B4A3-479B-BB1D-87092B06E1F9}.Debug|x86.Build.0 = Debug|Any CPU
		{564FD23B-B4A3-479B-BB1D-87092B06E1F9}.Release|Any CPU.ActiveCfg = Release|Any CPU
		{564FD23B-B4A3-479B-BB1D-87092B06E1F9}.Release|Any CPU.Build.0 = Release|Any CPU
		{564FD23B-B4A3-479B-BB1D-87092B06E1F9}.Release|x64.ActiveCfg = Release|Any CPU
		{564FD23B-B4A3-479B-BB1D-87092B06E1F9}.Release|x64.Build.0 = Release|Any CPU
		{564FD23B-B4A3-479B-BB1D-87092B06E1F9}.Release|x86.ActiveCfg = Release|Any CPU
		{564FD23B-B4A3-479B-BB1D-87092B06E1F9}.Release|x86.Build.0 = Release|Any CPU
		{0AFB6BFD-1FF6-4F39-BCB8-B8ACC9E724C4}.Debug|Any CPU.ActiveCfg = Debug|Any CPU
		{0AFB6BFD-1FF6-4F39-BCB8-B8ACC9E724C4}.Debug|Any CPU.Build.0 = Debug|Any CPU
		{0AFB6BFD-1FF6-4F39-BCB8-B8ACC9E724C4}.Debug|x64.ActiveCfg = Debug|Any CPU
		{0AFB6BFD-1FF6-4F39-BCB8-B8ACC9E724C4}.Debug|x64.Build.0 = Debug|Any CPU
		{0AFB6BFD-1FF6-4F39-BCB8-B8ACC9E724C4}.Debug|x86.ActiveCfg = Debug|Any CPU
		{0AFB6BFD-1FF6-4F39-BCB8-B8ACC9E724C4}.Debug|x86.Build.0 = Debug|Any CPU
		{0AFB6BFD-1FF6-4F39-BCB8-B8ACC9E724C4}.Release|Any CPU.ActiveCfg = Release|Any CPU
		{0AFB6BFD-1FF6-4F39-BCB8-B8ACC9E724C4}.Release|Any CPU.Build.0 = Release|Any CPU
		{0AFB6BFD-1FF6-4F39-BCB8-B8ACC9E724C4}.Release|x64.ActiveCfg = Release|Any CPU
		{0AFB6BFD-1FF6-4F39-BCB8-B8ACC9E724C4}.Release|x64.Build.0 = Release|Any CPU
		{0AFB6BFD-1FF6-4F39-BCB8-B8ACC9E724C4}.Release|x86.ActiveCfg = Release|Any CPU
		{0AFB6BFD-1FF6-4F39-BCB8-B8ACC9E724C4}.Release|x86.Build.0 = Release|Any CPU
		{ED125445-338A-4519-B876-50C3DA1BA666}.Debug|Any CPU.ActiveCfg = Debug|Any CPU
		{ED125445-338A-4519-B876-50C3DA1BA666}.Debug|Any CPU.Build.0 = Debug|Any CPU
		{ED125445-338A-4519-B876-50C3DA1BA666}.Debug|x64.ActiveCfg = Debug|Any CPU
		{ED125445-338A-4519-B876-50C3DA1BA666}.Debug|x64.Build.0 = Debug|Any CPU
		{ED125445-338A-4519-B876-50C3DA1BA666}.Debug|x86.ActiveCfg = Debug|Any CPU
		{ED125445-338A-4519-B876-50C3DA1BA666}.Debug|x86.Build.0 = Debug|Any CPU
		{ED125445-338A-4519-B876-50C3DA1BA666}.Release|Any CPU.ActiveCfg = Release|Any CPU
		{ED125445-338A-4519-B876-50C3DA1BA666}.Release|Any CPU.Build.0 = Release|Any CPU
		{ED125445-338A-4519-B876-50C3DA1BA666}.Release|x64.ActiveCfg = Release|Any CPU
		{ED125445-338A-4519-B876-50C3DA1BA666}.Release|x64.Build.0 = Release|Any CPU
		{ED125445-338A-4519-B876-50C3DA1BA666}.Release|x86.ActiveCfg = Release|Any CPU
		{ED125445-338A-4519-B876-50C3DA1BA666}.Release|x86.Build.0 = Release|Any CPU
		{EFE3B157-5A4E-4ADD-9A35-75C333011A85}.Debug|Any CPU.ActiveCfg = Debug|Any CPU
		{EFE3B157-5A4E-4ADD-9A35-75C333011A85}.Debug|Any CPU.Build.0 = Debug|Any CPU
		{EFE3B157-5A4E-4ADD-9A35-75C333011A85}.Debug|x64.ActiveCfg = Debug|Any CPU
		{EFE3B157-5A4E-4ADD-9A35-75C333011A85}.Debug|x64.Build.0 = Debug|Any CPU
		{EFE3B157-5A4E-4ADD-9A35-75C333011A85}.Debug|x86.ActiveCfg = Debug|Any CPU
		{EFE3B157-5A4E-4ADD-9A35-75C333011A85}.Debug|x86.Build.0 = Debug|Any CPU
		{EFE3B157-5A4E-4ADD-9A35-75C333011A85}.Release|Any CPU.ActiveCfg = Release|Any CPU
		{EFE3B157-5A4E-4ADD-9A35-75C333011A85}.Release|Any CPU.Build.0 = Release|Any CPU
		{EFE3B157-5A4E-4ADD-9A35-75C333011A85}.Release|x64.ActiveCfg = Release|Any CPU
		{EFE3B157-5A4E-4ADD-9A35-75C333011A85}.Release|x64.Build.0 = Release|Any CPU
		{EFE3B157-5A4E-4ADD-9A35-75C333011A85}.Release|x86.ActiveCfg = Release|Any CPU
		{EFE3B157-5A4E-4ADD-9A35-75C333011A85}.Release|x86.Build.0 = Release|Any CPU
		{CC61A29F-0055-4C65-8F92-09EEFA939613}.Debug|Any CPU.ActiveCfg = Debug|Any CPU
		{CC61A29F-0055-4C65-8F92-09EEFA939613}.Debug|Any CPU.Build.0 = Debug|Any CPU
		{CC61A29F-0055-4C65-8F92-09EEFA939613}.Debug|x64.ActiveCfg = Debug|Any CPU
		{CC61A29F-0055-4C65-8F92-09EEFA939613}.Debug|x64.Build.0 = Debug|Any CPU
		{CC61A29F-0055-4C65-8F92-09EEFA939613}.Debug|x86.ActiveCfg = Debug|Any CPU
		{CC61A29F-0055-4C65-8F92-09EEFA939613}.Debug|x86.Build.0 = Debug|Any CPU
		{CC61A29F-0055-4C65-8F92-09EEFA939613}.Release|Any CPU.ActiveCfg = Release|Any CPU
		{CC61A29F-0055-4C65-8F92-09EEFA939613}.Release|Any CPU.Build.0 = Release|Any CPU
		{CC61A29F-0055-4C65-8F92-09EEFA939613}.Release|x64.ActiveCfg = Release|Any CPU
		{CC61A29F-0055-4C65-8F92-09EEFA939613}.Release|x64.Build.0 = Release|Any CPU
		{CC61A29F-0055-4C65-8F92-09EEFA939613}.Release|x86.ActiveCfg = Release|Any CPU
		{CC61A29F-0055-4C65-8F92-09EEFA939613}.Release|x86.Build.0 = Release|Any CPU
		{C8638AAA-B8E7-40C8-8514-D68DD64F7D18}.Debug|Any CPU.ActiveCfg = Debug|Any CPU
		{C8638AAA-B8E7-40C8-8514-D68DD64F7D18}.Debug|Any CPU.Build.0 = Debug|Any CPU
		{C8638AAA-B8E7-40C8-8514-D68DD64F7D18}.Debug|x64.ActiveCfg = Debug|Any CPU
		{C8638AAA-B8E7-40C8-8514-D68DD64F7D18}.Debug|x64.Build.0 = Debug|Any CPU
		{C8638AAA-B8E7-40C8-8514-D68DD64F7D18}.Debug|x86.ActiveCfg = Debug|Any CPU
		{C8638AAA-B8E7-40C8-8514-D68DD64F7D18}.Debug|x86.Build.0 = Debug|Any CPU
		{C8638AAA-B8E7-40C8-8514-D68DD64F7D18}.Release|Any CPU.ActiveCfg = Release|Any CPU
		{C8638AAA-B8E7-40C8-8514-D68DD64F7D18}.Release|Any CPU.Build.0 = Release|Any CPU
		{C8638AAA-B8E7-40C8-8514-D68DD64F7D18}.Release|x64.ActiveCfg = Release|Any CPU
		{C8638AAA-B8E7-40C8-8514-D68DD64F7D18}.Release|x64.Build.0 = Release|Any CPU
		{C8638AAA-B8E7-40C8-8514-D68DD64F7D18}.Release|x86.ActiveCfg = Release|Any CPU
		{C8638AAA-B8E7-40C8-8514-D68DD64F7D18}.Release|x86.Build.0 = Release|Any CPU
		{6DF6F4B7-1282-4CCC-8A66-49F2476991ED}.Debug|Any CPU.ActiveCfg = Debug|Any CPU
		{6DF6F4B7-1282-4CCC-8A66-49F2476991ED}.Debug|Any CPU.Build.0 = Debug|Any CPU
		{6DF6F4B7-1282-4CCC-8A66-49F2476991ED}.Debug|x64.ActiveCfg = Debug|Any CPU
		{6DF6F4B7-1282-4CCC-8A66-49F2476991ED}.Debug|x64.Build.0 = Debug|Any CPU
		{6DF6F4B7-1282-4CCC-8A66-49F2476991ED}.Debug|x86.ActiveCfg = Debug|Any CPU
		{6DF6F4B7-1282-4CCC-8A66-49F2476991ED}.Debug|x86.Build.0 = Debug|Any CPU
		{6DF6F4B7-1282-4CCC-8A66-49F2476991ED}.Release|Any CPU.ActiveCfg = Release|Any CPU
		{6DF6F4B7-1282-4CCC-8A66-49F2476991ED}.Release|Any CPU.Build.0 = Release|Any CPU
		{6DF6F4B7-1282-4CCC-8A66-49F2476991ED}.Release|x64.ActiveCfg = Release|Any CPU
		{6DF6F4B7-1282-4CCC-8A66-49F2476991ED}.Release|x64.Build.0 = Release|Any CPU
		{6DF6F4B7-1282-4CCC-8A66-49F2476991ED}.Release|x86.ActiveCfg = Release|Any CPU
		{6DF6F4B7-1282-4CCC-8A66-49F2476991ED}.Release|x86.Build.0 = Release|Any CPU
		{A921CB61-12F7-416B-8B61-CF7344FAC11C}.Debug|Any CPU.ActiveCfg = Debug|Any CPU
		{A921CB61-12F7-416B-8B61-CF7344FAC11C}.Debug|Any CPU.Build.0 = Debug|Any CPU
		{A921CB61-12F7-416B-8B61-CF7344FAC11C}.Debug|x64.ActiveCfg = Debug|Any CPU
		{A921CB61-12F7-416B-8B61-CF7344FAC11C}.Debug|x64.Build.0 = Debug|Any CPU
		{A921CB61-12F7-416B-8B61-CF7344FAC11C}.Debug|x86.ActiveCfg = Debug|Any CPU
		{A921CB61-12F7-416B-8B61-CF7344FAC11C}.Debug|x86.Build.0 = Debug|Any CPU
		{A921CB61-12F7-416B-8B61-CF7344FAC11C}.Release|Any CPU.ActiveCfg = Release|Any CPU
		{A921CB61-12F7-416B-8B61-CF7344FAC11C}.Release|Any CPU.Build.0 = Release|Any CPU
		{A921CB61-12F7-416B-8B61-CF7344FAC11C}.Release|x64.ActiveCfg = Release|Any CPU
		{A921CB61-12F7-416B-8B61-CF7344FAC11C}.Release|x64.Build.0 = Release|Any CPU
		{A921CB61-12F7-416B-8B61-CF7344FAC11C}.Release|x86.ActiveCfg = Release|Any CPU
		{A921CB61-12F7-416B-8B61-CF7344FAC11C}.Release|x86.Build.0 = Release|Any CPU
		{A6B3D381-34CF-4F03-A1AE-9FAB76811987}.Debug|Any CPU.ActiveCfg = Debug|Any CPU
		{A6B3D381-34CF-4F03-A1AE-9FAB76811987}.Debug|Any CPU.Build.0 = Debug|Any CPU
		{A6B3D381-34CF-4F03-A1AE-9FAB76811987}.Debug|x64.ActiveCfg = Debug|Any CPU
		{A6B3D381-34CF-4F03-A1AE-9FAB76811987}.Debug|x64.Build.0 = Debug|Any CPU
		{A6B3D381-34CF-4F03-A1AE-9FAB76811987}.Debug|x86.ActiveCfg = Debug|Any CPU
		{A6B3D381-34CF-4F03-A1AE-9FAB76811987}.Debug|x86.Build.0 = Debug|Any CPU
		{A6B3D381-34CF-4F03-A1AE-9FAB76811987}.Release|Any CPU.ActiveCfg = Release|Any CPU
		{A6B3D381-34CF-4F03-A1AE-9FAB76811987}.Release|Any CPU.Build.0 = Release|Any CPU
		{A6B3D381-34CF-4F03-A1AE-9FAB76811987}.Release|x64.ActiveCfg = Release|Any CPU
		{A6B3D381-34CF-4F03-A1AE-9FAB76811987}.Release|x64.Build.0 = Release|Any CPU
		{A6B3D381-34CF-4F03-A1AE-9FAB76811987}.Release|x86.ActiveCfg = Release|Any CPU
		{A6B3D381-34CF-4F03-A1AE-9FAB76811987}.Release|x86.Build.0 = Release|Any CPU
		{C3174C0F-C2DC-47C0-A385-A3145C6C8949}.Debug|Any CPU.ActiveCfg = Debug|Any CPU
		{C3174C0F-C2DC-47C0-A385-A3145C6C8949}.Debug|Any CPU.Build.0 = Debug|Any CPU
		{C3174C0F-C2DC-47C0-A385-A3145C6C8949}.Debug|x64.ActiveCfg = Debug|Any CPU
		{C3174C0F-C2DC-47C0-A385-A3145C6C8949}.Debug|x64.Build.0 = Debug|Any CPU
		{C3174C0F-C2DC-47C0-A385-A3145C6C8949}.Debug|x86.ActiveCfg = Debug|Any CPU
		{C3174C0F-C2DC-47C0-A385-A3145C6C8949}.Debug|x86.Build.0 = Debug|Any CPU
		{C3174C0F-C2DC-47C0-A385-A3145C6C8949}.Release|Any CPU.ActiveCfg = Release|Any CPU
		{C3174C0F-C2DC-47C0-A385-A3145C6C8949}.Release|Any CPU.Build.0 = Release|Any CPU
		{C3174C0F-C2DC-47C0-A385-A3145C6C8949}.Release|x64.ActiveCfg = Release|Any CPU
		{C3174C0F-C2DC-47C0-A385-A3145C6C8949}.Release|x64.Build.0 = Release|Any CPU
		{C3174C0F-C2DC-47C0-A385-A3145C6C8949}.Release|x86.ActiveCfg = Release|Any CPU
		{C3174C0F-C2DC-47C0-A385-A3145C6C8949}.Release|x86.Build.0 = Release|Any CPU
		{6D5DA121-BEF4-4EF2-BE85-41BBD7D0B1F4}.Debug|Any CPU.ActiveCfg = Debug|Any CPU
		{6D5DA121-BEF4-4EF2-BE85-41BBD7D0B1F4}.Debug|Any CPU.Build.0 = Debug|Any CPU
		{6D5DA121-BEF4-4EF2-BE85-41BBD7D0B1F4}.Debug|x64.ActiveCfg = Debug|Any CPU
		{6D5DA121-BEF4-4EF2-BE85-41BBD7D0B1F4}.Debug|x64.Build.0 = Debug|Any CPU
		{6D5DA121-BEF4-4EF2-BE85-41BBD7D0B1F4}.Debug|x86.ActiveCfg = Debug|Any CPU
		{6D5DA121-BEF4-4EF2-BE85-41BBD7D0B1F4}.Debug|x86.Build.0 = Debug|Any CPU
		{6D5DA121-BEF4-4EF2-BE85-41BBD7D0B1F4}.Release|Any CPU.ActiveCfg = Release|Any CPU
		{6D5DA121-BEF4-4EF2-BE85-41BBD7D0B1F4}.Release|Any CPU.Build.0 = Release|Any CPU
		{6D5DA121-BEF4-4EF2-BE85-41BBD7D0B1F4}.Release|x64.ActiveCfg = Release|Any CPU
		{6D5DA121-BEF4-4EF2-BE85-41BBD7D0B1F4}.Release|x64.Build.0 = Release|Any CPU
		{6D5DA121-BEF4-4EF2-BE85-41BBD7D0B1F4}.Release|x86.ActiveCfg = Release|Any CPU
		{6D5DA121-BEF4-4EF2-BE85-41BBD7D0B1F4}.Release|x86.Build.0 = Release|Any CPU
		{81DC8A40-F478-4AE5-B5B8-32A8642F77ED}.Debug|Any CPU.ActiveCfg = Debug|Any CPU
		{81DC8A40-F478-4AE5-B5B8-32A8642F77ED}.Debug|Any CPU.Build.0 = Debug|Any CPU
		{81DC8A40-F478-4AE5-B5B8-32A8642F77ED}.Debug|x64.ActiveCfg = Debug|Any CPU
		{81DC8A40-F478-4AE5-B5B8-32A8642F77ED}.Debug|x64.Build.0 = Debug|Any CPU
		{81DC8A40-F478-4AE5-B5B8-32A8642F77ED}.Debug|x86.ActiveCfg = Debug|Any CPU
		{81DC8A40-F478-4AE5-B5B8-32A8642F77ED}.Debug|x86.Build.0 = Debug|Any CPU
		{81DC8A40-F478-4AE5-B5B8-32A8642F77ED}.Release|Any CPU.ActiveCfg = Release|Any CPU
		{81DC8A40-F478-4AE5-B5B8-32A8642F77ED}.Release|Any CPU.Build.0 = Release|Any CPU
		{81DC8A40-F478-4AE5-B5B8-32A8642F77ED}.Release|x64.ActiveCfg = Release|Any CPU
		{81DC8A40-F478-4AE5-B5B8-32A8642F77ED}.Release|x64.Build.0 = Release|Any CPU
		{81DC8A40-F478-4AE5-B5B8-32A8642F77ED}.Release|x86.ActiveCfg = Release|Any CPU
		{81DC8A40-F478-4AE5-B5B8-32A8642F77ED}.Release|x86.Build.0 = Release|Any CPU
		{3FC34646-AD0E-41E6-8768-072925B64967}.Debug|Any CPU.ActiveCfg = Debug|Any CPU
		{3FC34646-AD0E-41E6-8768-072925B64967}.Debug|Any CPU.Build.0 = Debug|Any CPU
		{3FC34646-AD0E-41E6-8768-072925B64967}.Debug|x64.ActiveCfg = Debug|Any CPU
		{3FC34646-AD0E-41E6-8768-072925B64967}.Debug|x64.Build.0 = Debug|Any CPU
		{3FC34646-AD0E-41E6-8768-072925B64967}.Debug|x86.ActiveCfg = Debug|Any CPU
		{3FC34646-AD0E-41E6-8768-072925B64967}.Debug|x86.Build.0 = Debug|Any CPU
		{3FC34646-AD0E-41E6-8768-072925B64967}.Release|Any CPU.ActiveCfg = Release|Any CPU
		{3FC34646-AD0E-41E6-8768-072925B64967}.Release|Any CPU.Build.0 = Release|Any CPU
		{3FC34646-AD0E-41E6-8768-072925B64967}.Release|x64.ActiveCfg = Release|Any CPU
		{3FC34646-AD0E-41E6-8768-072925B64967}.Release|x64.Build.0 = Release|Any CPU
		{3FC34646-AD0E-41E6-8768-072925B64967}.Release|x86.ActiveCfg = Release|Any CPU
		{3FC34646-AD0E-41E6-8768-072925B64967}.Release|x86.Build.0 = Release|Any CPU
		{A17651A5-5F80-46F4-93BD-61CAA40B22B9}.Debug|Any CPU.ActiveCfg = Debug|Any CPU
		{A17651A5-5F80-46F4-93BD-61CAA40B22B9}.Debug|Any CPU.Build.0 = Debug|Any CPU
		{A17651A5-5F80-46F4-93BD-61CAA40B22B9}.Debug|x64.ActiveCfg = Debug|Any CPU
		{A17651A5-5F80-46F4-93BD-61CAA40B22B9}.Debug|x64.Build.0 = Debug|Any CPU
		{A17651A5-5F80-46F4-93BD-61CAA40B22B9}.Debug|x86.ActiveCfg = Debug|Any CPU
		{A17651A5-5F80-46F4-93BD-61CAA40B22B9}.Debug|x86.Build.0 = Debug|Any CPU
		{A17651A5-5F80-46F4-93BD-61CAA40B22B9}.Release|Any CPU.ActiveCfg = Release|Any CPU
		{A17651A5-5F80-46F4-93BD-61CAA40B22B9}.Release|Any CPU.Build.0 = Release|Any CPU
		{A17651A5-5F80-46F4-93BD-61CAA40B22B9}.Release|x64.ActiveCfg = Release|Any CPU
		{A17651A5-5F80-46F4-93BD-61CAA40B22B9}.Release|x64.Build.0 = Release|Any CPU
		{A17651A5-5F80-46F4-93BD-61CAA40B22B9}.Release|x86.ActiveCfg = Release|Any CPU
		{A17651A5-5F80-46F4-93BD-61CAA40B22B9}.Release|x86.Build.0 = Release|Any CPU
		{94395AB8-3B5C-4F0D-A8AA-73640638BF7A}.Debug|Any CPU.ActiveCfg = Debug|Any CPU
		{94395AB8-3B5C-4F0D-A8AA-73640638BF7A}.Debug|Any CPU.Build.0 = Debug|Any CPU
		{94395AB8-3B5C-4F0D-A8AA-73640638BF7A}.Debug|x64.ActiveCfg = Debug|Any CPU
		{94395AB8-3B5C-4F0D-A8AA-73640638BF7A}.Debug|x64.Build.0 = Debug|Any CPU
		{94395AB8-3B5C-4F0D-A8AA-73640638BF7A}.Debug|x86.ActiveCfg = Debug|Any CPU
		{94395AB8-3B5C-4F0D-A8AA-73640638BF7A}.Debug|x86.Build.0 = Debug|Any CPU
		{94395AB8-3B5C-4F0D-A8AA-73640638BF7A}.Release|Any CPU.ActiveCfg = Release|Any CPU
		{94395AB8-3B5C-4F0D-A8AA-73640638BF7A}.Release|Any CPU.Build.0 = Release|Any CPU
		{94395AB8-3B5C-4F0D-A8AA-73640638BF7A}.Release|x64.ActiveCfg = Release|Any CPU
		{94395AB8-3B5C-4F0D-A8AA-73640638BF7A}.Release|x64.Build.0 = Release|Any CPU
		{94395AB8-3B5C-4F0D-A8AA-73640638BF7A}.Release|x86.ActiveCfg = Release|Any CPU
		{94395AB8-3B5C-4F0D-A8AA-73640638BF7A}.Release|x86.Build.0 = Release|Any CPU
		{B629A341-0021-44F3-9200-DE5A1E49C337}.Debug|Any CPU.ActiveCfg = Debug|Any CPU
		{B629A341-0021-44F3-9200-DE5A1E49C337}.Debug|Any CPU.Build.0 = Debug|Any CPU
		{B629A341-0021-44F3-9200-DE5A1E49C337}.Debug|x64.ActiveCfg = Debug|Any CPU
		{B629A341-0021-44F3-9200-DE5A1E49C337}.Debug|x64.Build.0 = Debug|Any CPU
		{B629A341-0021-44F3-9200-DE5A1E49C337}.Debug|x86.ActiveCfg = Debug|Any CPU
		{B629A341-0021-44F3-9200-DE5A1E49C337}.Debug|x86.Build.0 = Debug|Any CPU
		{B629A341-0021-44F3-9200-DE5A1E49C337}.Release|Any CPU.ActiveCfg = Release|Any CPU
		{B629A341-0021-44F3-9200-DE5A1E49C337}.Release|Any CPU.Build.0 = Release|Any CPU
		{B629A341-0021-44F3-9200-DE5A1E49C337}.Release|x64.ActiveCfg = Release|Any CPU
		{B629A341-0021-44F3-9200-DE5A1E49C337}.Release|x64.Build.0 = Release|Any CPU
		{B629A341-0021-44F3-9200-DE5A1E49C337}.Release|x86.ActiveCfg = Release|Any CPU
		{B629A341-0021-44F3-9200-DE5A1E49C337}.Release|x86.Build.0 = Release|Any CPU
		{97464E72-F0F7-4A36-93C4-8B50E7189C52}.Debug|Any CPU.ActiveCfg = Debug|Any CPU
		{97464E72-F0F7-4A36-93C4-8B50E7189C52}.Debug|Any CPU.Build.0 = Debug|Any CPU
		{97464E72-F0F7-4A36-93C4-8B50E7189C52}.Debug|x64.ActiveCfg = Debug|Any CPU
		{97464E72-F0F7-4A36-93C4-8B50E7189C52}.Debug|x64.Build.0 = Debug|Any CPU
		{97464E72-F0F7-4A36-93C4-8B50E7189C52}.Debug|x86.ActiveCfg = Debug|Any CPU
		{97464E72-F0F7-4A36-93C4-8B50E7189C52}.Debug|x86.Build.0 = Debug|Any CPU
		{97464E72-F0F7-4A36-93C4-8B50E7189C52}.Release|Any CPU.ActiveCfg = Release|Any CPU
		{97464E72-F0F7-4A36-93C4-8B50E7189C52}.Release|Any CPU.Build.0 = Release|Any CPU
		{97464E72-F0F7-4A36-93C4-8B50E7189C52}.Release|x64.ActiveCfg = Release|Any CPU
		{97464E72-F0F7-4A36-93C4-8B50E7189C52}.Release|x64.Build.0 = Release|Any CPU
		{97464E72-F0F7-4A36-93C4-8B50E7189C52}.Release|x86.ActiveCfg = Release|Any CPU
		{97464E72-F0F7-4A36-93C4-8B50E7189C52}.Release|x86.Build.0 = Release|Any CPU
		{1B0EE9E3-ABFF-4110-879B-20FE5B197354}.Debug|Any CPU.ActiveCfg = Debug|Any CPU
		{1B0EE9E3-ABFF-4110-879B-20FE5B197354}.Debug|Any CPU.Build.0 = Debug|Any CPU
		{1B0EE9E3-ABFF-4110-879B-20FE5B197354}.Debug|x64.ActiveCfg = Debug|Any CPU
		{1B0EE9E3-ABFF-4110-879B-20FE5B197354}.Debug|x64.Build.0 = Debug|Any CPU
		{1B0EE9E3-ABFF-4110-879B-20FE5B197354}.Debug|x86.ActiveCfg = Debug|Any CPU
		{1B0EE9E3-ABFF-4110-879B-20FE5B197354}.Debug|x86.Build.0 = Debug|Any CPU
		{1B0EE9E3-ABFF-4110-879B-20FE5B197354}.Release|Any CPU.ActiveCfg = Release|Any CPU
		{1B0EE9E3-ABFF-4110-879B-20FE5B197354}.Release|Any CPU.Build.0 = Release|Any CPU
		{1B0EE9E3-ABFF-4110-879B-20FE5B197354}.Release|x64.ActiveCfg = Release|Any CPU
		{1B0EE9E3-ABFF-4110-879B-20FE5B197354}.Release|x64.Build.0 = Release|Any CPU
		{1B0EE9E3-ABFF-4110-879B-20FE5B197354}.Release|x86.ActiveCfg = Release|Any CPU
		{1B0EE9E3-ABFF-4110-879B-20FE5B197354}.Release|x86.Build.0 = Release|Any CPU
		{C0E03115-FAA2-478A-8F6F-35BC54468380}.Debug|Any CPU.ActiveCfg = Debug|Any CPU
		{C0E03115-FAA2-478A-8F6F-35BC54468380}.Debug|Any CPU.Build.0 = Debug|Any CPU
		{C0E03115-FAA2-478A-8F6F-35BC54468380}.Debug|x64.ActiveCfg = Debug|Any CPU
		{C0E03115-FAA2-478A-8F6F-35BC54468380}.Debug|x64.Build.0 = Debug|Any CPU
		{C0E03115-FAA2-478A-8F6F-35BC54468380}.Debug|x86.ActiveCfg = Debug|Any CPU
		{C0E03115-FAA2-478A-8F6F-35BC54468380}.Debug|x86.Build.0 = Debug|Any CPU
		{C0E03115-FAA2-478A-8F6F-35BC54468380}.Release|Any CPU.ActiveCfg = Release|Any CPU
		{C0E03115-FAA2-478A-8F6F-35BC54468380}.Release|Any CPU.Build.0 = Release|Any CPU
		{C0E03115-FAA2-478A-8F6F-35BC54468380}.Release|x64.ActiveCfg = Release|Any CPU
		{C0E03115-FAA2-478A-8F6F-35BC54468380}.Release|x64.Build.0 = Release|Any CPU
		{C0E03115-FAA2-478A-8F6F-35BC54468380}.Release|x86.ActiveCfg = Release|Any CPU
		{C0E03115-FAA2-478A-8F6F-35BC54468380}.Release|x86.Build.0 = Release|Any CPU
		{09FF98A1-A639-4E9F-A22E-448504D792FB}.Debug|Any CPU.ActiveCfg = Debug|Any CPU
		{09FF98A1-A639-4E9F-A22E-448504D792FB}.Debug|Any CPU.Build.0 = Debug|Any CPU
		{09FF98A1-A639-4E9F-A22E-448504D792FB}.Debug|x64.ActiveCfg = Debug|Any CPU
		{09FF98A1-A639-4E9F-A22E-448504D792FB}.Debug|x64.Build.0 = Debug|Any CPU
		{09FF98A1-A639-4E9F-A22E-448504D792FB}.Debug|x86.ActiveCfg = Debug|Any CPU
		{09FF98A1-A639-4E9F-A22E-448504D792FB}.Debug|x86.Build.0 = Debug|Any CPU
		{09FF98A1-A639-4E9F-A22E-448504D792FB}.Release|Any CPU.ActiveCfg = Release|Any CPU
		{09FF98A1-A639-4E9F-A22E-448504D792FB}.Release|Any CPU.Build.0 = Release|Any CPU
		{09FF98A1-A639-4E9F-A22E-448504D792FB}.Release|x64.ActiveCfg = Release|Any CPU
		{09FF98A1-A639-4E9F-A22E-448504D792FB}.Release|x64.Build.0 = Release|Any CPU
		{09FF98A1-A639-4E9F-A22E-448504D792FB}.Release|x86.ActiveCfg = Release|Any CPU
		{09FF98A1-A639-4E9F-A22E-448504D792FB}.Release|x86.Build.0 = Release|Any CPU
	EndGlobalSection
	GlobalSection(SolutionProperties) = preSolution
		HideSolutionNode = FALSE
	EndGlobalSection
EndGlobal
